
Microsoft Visual Studio Solution File, Format Version 12.00
# Visual Studio 15
VisualStudioVersion = 15.0.27428.2043
MinimumVisualStudioVersion = 10.0.40219.1
Project("{888888A0-9F3D-457C-B088-3A5042F75D52}") = "Learn-Spider-by-Python", "Learn-Spider-by-Python\Learn-Spider-by-Python.pyproj", "{F0434F2A-F6B5-4567-96D2-7FE9010C2023}"
EndProject
Global
	GlobalSection(SolutionConfigurationPlatforms) = preSolution
		Debug|Any CPU = Debug|Any CPU
		Release|Any CPU = Release|Any CPU
	EndGlobalSection
	GlobalSection(ProjectConfigurationPlatforms) = postSolution
		{F0434F2A-F6B5-4567-96D2-7FE9010C2023}.Debug|Any CPU.ActiveCfg = Debug|Any CPU
		{F0434F2A-F6B5-4567-96D2-7FE9010C2023}.Release|Any CPU.ActiveCfg = Release|Any CPU
	EndGlobalSection
	GlobalSection(SolutionProperties) = preSolution
		HideSolutionNode = FALSE
	EndGlobalSection
	GlobalSection(ExtensibilityGlobals) = postSolution
		SolutionGuid = {09435925-BCBC-4CA7-8CF0-18BAB1D5256C}
	EndGlobalSection
EndGlobal
